# THIS IS AN AUTOGENERATED FILE. DO NOT EDIT THIS FILE DIRECTLY.
# yarn lockfile v1


bootstrap@^4.3.1:
  version "4.6.2"
  resolved "https://registry.yarnpkg.com/bootstrap/-/bootstrap-4.6.2.tgz#8e0cd61611728a5bf65a3a2b8d6ff6c77d5d7479"
  integrity sha512-51Bbp/Uxr9aTuy6ca/8FbFloBUJZLHwnhTcnjIeRn2suQWsWzcuJhGjKDB5eppVte/8oCdOL3VuwxvZDUggwGQ==

jquery@^3.4.1:
  version "3.7.1"
  resolved "https://registry.yarnpkg.com/jquery/-/jquery-3.7.1.tgz#083ef98927c9a6a74d05a6af02806566d16274de"
  integrity sha512-m4avr8yL8kmFN8psrbFFFmB/If14iN5o9nw/NgnnM+kybDJpRsAynV2BsfpTYrTRysYUdADVD7CkUUizgkpLfg==

md.bootstrappersiandatetimepicker@3.6.3:
  version "3.6.3"
  resolved "https://registry.yarnpkg.com/md.bootstrappersiandatetimepicker/-/md.bootstrappersiandatetimepicker-3.6.3.tgz#cb34b9e00fec0ecde86187f6955647c91752ac8c"
  integrity sha512-MbZfCWQY92n9qcLXAKMliBRwUdSHZ4I266Clb12Bux09I/LB1wHCSi0hXGjCKPdrgVmy+/+SqMZkeNWHZzdUow==
  dependencies:
    bootstrap "^4.3.1"
    jquery "^3.4.1"
    popper.js "^1.15.0"

popper.js@^1.15.0:
  version "1.16.1"
  resolved "https://registry.yarnpkg.com/popper.js/-/popper.js-1.16.1.tgz#2a223cb3dc7b6213d740e40372be40de43e65b1b"
  integrity sha512-Wb4p1J4zyFTbM+u6WuO4XstYx4Ky9Cewe4DWrel7B0w6VVICvPwdOpotjzcf6eD8TsckVnIMNONQyPIUFOUbCQ==
